
Microsoft Visual Studio Solution File, Format Version 12.00
# Visual Studio Version 17
VisualStudioVersion = 17.0.31919.166
MinimumVisualStudioVersion = 10.0.40219.1
Project("{FAE04EC0-301F-11D3-BF4B-00C04F79EFBC}") = "Assignment", "Assignment\Assignment.csproj", "{F36738F1-20A0-4980-9F4E-2C08F571827B}"
EndProject
Global
	GlobalSection(SolutionConfigurationPlatforms) = preSolution
		Debug|Any CPU = Debug|Any CPU
		Release|Any CPU = Release|Any CPU
	EndGlobalSection
	GlobalSection(ProjectConfigurationPlatforms) = postSolution
		{F36738F1-20A0-4980-9F4E-2C08F571827B}.Debug|Any CPU.ActiveCfg = Debug|Any CPU
		{F36738F1-20A0-4980-9F4E-2C08F571827B}.Debug|Any CPU.Build.0 = Debug|Any CPU
		{F36738F1-20A0-4980-9F4E-2C08F571827B}.Release|Any CPU.ActiveCfg = Release|Any CPU
		{F36738F1-20A0-4980-9F4E-2C08F571827B}.Release|Any CPU.Build.0 = Release|Any CPU
	EndGlobalSection
	GlobalSection(SolutionProperties) = preSolution
		HideSolutionNode = FALSE
	EndGlobalSection
	GlobalSection(ExtensibilityGlobals) = postSolution
		SolutionGuid = {278D88E3-EB69-44BE-9013-265120F55995}
	EndGlobalSection
EndGlobal
